
Microsoft Visual Studio Solution File, Format Version 12.00
# Visual Studio Version 17
VisualStudioVersion = 17.11.35312.102
MinimumVisualStudioVersion = 10.0.40219.1
Project("{FAE04EC0-301F-11D3-BF4B-00C04F79EFBC}") = "Patikafy_Muzik_Platformu", "Patikafy_Muzik_Platformu.csproj", "{16B935B1-E32B-4B23-8268-AACEF538C9E4}"
EndProject
Global
	GlobalSection(SolutionConfigurationPlatforms) = preSolution
		Debug|Any CPU = Debug|Any CPU
		Release|Any CPU = Release|Any CPU
	EndGlobalSection
	GlobalSection(ProjectConfigurationPlatforms) = postSolution
		{16B935B1-E32B-4B23-8268-AACEF538C9E4}.Debug|Any CPU.ActiveCfg = Debug|Any CPU
		{16B935B1-E32B-4B23-8268-AACEF538C9E4}.Debug|Any CPU.Build.0 = Debug|Any CPU
		{16B935B1-E32B-4B23-8268-AACEF538C9E4}.Release|Any CPU.ActiveCfg = Release|Any CPU
		{16B935B1-E32B-4B23-8268-AACEF538C9E4}.Release|Any CPU.Build.0 = Release|Any CPU
	EndGlobalSection
	GlobalSection(SolutionProperties) = preSolution
		HideSolutionNode = FALSE
	EndGlobalSection
	GlobalSection(ExtensibilityGlobals) = postSolution
		SolutionGuid = {D11CFE53-2860-48D0-9E21-38FB7EBAA303}
	EndGlobalSection
EndGlobal
