
Microsoft Visual Studio Solution File, Format Version 12.00
# Visual Studio Version 17
VisualStudioVersion = 17.11.35312.102
MinimumVisualStudioVersion = 10.0.40219.1
Project("{FAE04EC0-301F-11D3-BF4B-00C04F79EFBC}") = "BitirelimYeniYelkenlereAcilalim", "BitirelimYeniYelkenlereAcilalim.csproj", "{44986B22-CA83-4C33-804F-84B10C0EBD14}"
EndProject
Global
	GlobalSection(SolutionConfigurationPlatforms) = preSolution
		Debug|Any CPU = Debug|Any CPU
		Release|Any CPU = Release|Any CPU
	EndGlobalSection
	GlobalSection(ProjectConfigurationPlatforms) = postSolution
		{44986B22-CA83-4C33-804F-84B10C0EBD14}.Debug|Any CPU.ActiveCfg = Debug|Any CPU
		{44986B22-CA83-4C33-804F-84B10C0EBD14}.Debug|Any CPU.Build.0 = Debug|Any CPU
		{44986B22-CA83-4C33-804F-84B10C0EBD14}.Release|Any CPU.ActiveCfg = Release|Any CPU
		{44986B22-CA83-4C33-804F-84B10C0EBD14}.Release|Any CPU.Build.0 = Release|Any CPU
	EndGlobalSection
	GlobalSection(SolutionProperties) = preSolution
		HideSolutionNode = FALSE
	EndGlobalSection
	GlobalSection(ExtensibilityGlobals) = postSolution
		SolutionGuid = {442BA8A1-B0F7-46AD-9F95-7EDE30982C34}
	EndGlobalSection
EndGlobal
