
Microsoft Visual Studio Solution File, Format Version 12.00
# Visual Studio Version 17
VisualStudioVersion = 17.11.35312.102
MinimumVisualStudioVersion = 10.0.40219.1
Project("{FAE04EC0-301F-11D3-BF4B-00C04F79EFBC}") = "Dependency-Injection", "Dependency-Injection.csproj", "{ED365307-0678-4058-AA72-37F586446952}"
EndProject
Global
	GlobalSection(SolutionConfigurationPlatforms) = preSolution
		Debug|Any CPU = Debug|Any CPU
		Release|Any CPU = Release|Any CPU
	EndGlobalSection
	GlobalSection(ProjectConfigurationPlatforms) = postSolution
		{ED365307-0678-4058-AA72-37F586446952}.Debug|Any CPU.ActiveCfg = Debug|Any CPU
		{ED365307-0678-4058-AA72-37F586446952}.Debug|Any CPU.Build.0 = Debug|Any CPU
		{ED365307-0678-4058-AA72-37F586446952}.Release|Any CPU.ActiveCfg = Release|Any CPU
		{ED365307-0678-4058-AA72-37F586446952}.Release|Any CPU.Build.0 = Release|Any CPU
	EndGlobalSection
	GlobalSection(SolutionProperties) = preSolution
		HideSolutionNode = FALSE
	EndGlobalSection
	GlobalSection(ExtensibilityGlobals) = postSolution
		SolutionGuid = {573B8413-AB9F-46E3-8CD5-1951DCCE64A2}
	EndGlobalSection
EndGlobal
