
Microsoft Visual Studio Solution File, Format Version 12.00
# Visual Studio Version 17
VisualStudioVersion = 17.11.35312.102
MinimumVisualStudioVersion = 10.0.40219.1
Project("{FAE04EC0-301F-11D3-BF4B-00C04F79EFBC}") = "CodeFirstRelationProject", "CodeFirstRelationProject.csproj", "{D2B77EBC-7129-4EDB-960E-2D52310F7234}"
EndProject
Global
	GlobalSection(SolutionConfigurationPlatforms) = preSolution
		Debug|Any CPU = Debug|Any CPU
		Release|Any CPU = Release|Any CPU
	EndGlobalSection
	GlobalSection(ProjectConfigurationPlatforms) = postSolution
		{D2B77EBC-7129-4EDB-960E-2D52310F7234}.Debug|Any CPU.ActiveCfg = Debug|Any CPU
		{D2B77EBC-7129-4EDB-960E-2D52310F7234}.Debug|Any CPU.Build.0 = Debug|Any CPU
		{D2B77EBC-7129-4EDB-960E-2D52310F7234}.Release|Any CPU.ActiveCfg = Release|Any CPU
		{D2B77EBC-7129-4EDB-960E-2D52310F7234}.Release|Any CPU.Build.0 = Release|Any CPU
	EndGlobalSection
	GlobalSection(SolutionProperties) = preSolution
		HideSolutionNode = FALSE
	EndGlobalSection
	GlobalSection(ExtensibilityGlobals) = postSolution
		SolutionGuid = {7CC0DCCA-B2F1-4A98-8E43-C51DCB507FC3}
	EndGlobalSection
EndGlobal
