
Microsoft Visual Studio Solution File, Format Version 12.00
# Visual Studio Version 17
VisualStudioVersion = 17.11.35312.102
MinimumVisualStudioVersion = 10.0.40219.1
Project("{FAE04EC0-301F-11D3-BF4B-00C04F79EFBC}") = "PrivateRepo_FundamentalsProject", "PrivateRepo_FundamentalsProject.csproj", "{391F393D-3B82-44CA-8777-1BD70EDD2C39}"
EndProject
Global
	GlobalSection(SolutionConfigurationPlatforms) = preSolution
		Debug|Any CPU = Debug|Any CPU
		Release|Any CPU = Release|Any CPU
	EndGlobalSection
	GlobalSection(ProjectConfigurationPlatforms) = postSolution
		{391F393D-3B82-44CA-8777-1BD70EDD2C39}.Debug|Any CPU.ActiveCfg = Debug|Any CPU
		{391F393D-3B82-44CA-8777-1BD70EDD2C39}.Debug|Any CPU.Build.0 = Debug|Any CPU
		{391F393D-3B82-44CA-8777-1BD70EDD2C39}.Release|Any CPU.ActiveCfg = Release|Any CPU
		{391F393D-3B82-44CA-8777-1BD70EDD2C39}.Release|Any CPU.Build.0 = Release|Any CPU
	EndGlobalSection
	GlobalSection(SolutionProperties) = preSolution
		HideSolutionNode = FALSE
	EndGlobalSection
	GlobalSection(ExtensibilityGlobals) = postSolution
		SolutionGuid = {38CE7FFD-F89C-4579-ABE4-DCCDA4948206}
	EndGlobalSection
EndGlobal
